
Microsoft Visual Studio Solution File, Format Version 12.00
# Visual Studio Version 16
VisualStudioVersion = 16.0.30523.141
MinimumVisualStudioVersion = 10.0.40219.1
Project("{9A19103F-16F7-4668-BE54-9A1E7A4F7556}") = "SimpleWallet", "SimpleWallet\SimpleWallet.csproj", "{59237F77-F003-4708-AD85-B52ADD8CC450}"
EndProject
Project("{2150E333-8FDC-42A3-9474-1A3956D46DE8}") = "Solution Items", "Solution Items", "{FF82DE54-B52C-4CC5-88AB-AD8C25E5A388}"
	ProjectSection(SolutionItems) = preProject
		README = README
	EndProjectSection
EndProject
Global
	GlobalSection(SolutionConfigurationPlatforms) = preSolution
		Debug|Any CPU = Debug|Any CPU
		Release|Any CPU = Release|Any CPU
	EndGlobalSection
	GlobalSection(ProjectConfigurationPlatforms) = postSolution
		{59237F77-F003-4708-AD85-B52ADD8CC450}.Debug|Any CPU.ActiveCfg = Debug|Any CPU
		{59237F77-F003-4708-AD85-B52ADD8CC450}.Debug|Any CPU.Build.0 = Debug|Any CPU
		{59237F77-F003-4708-AD85-B52ADD8CC450}.Release|Any CPU.ActiveCfg = Release|Any CPU
		{59237F77-F003-4708-AD85-B52ADD8CC450}.Release|Any CPU.Build.0 = Release|Any CPU
	EndGlobalSection
	GlobalSection(SolutionProperties) = preSolution
		HideSolutionNode = FALSE
	EndGlobalSection
	GlobalSection(ExtensibilityGlobals) = postSolution
		SolutionGuid = {7CA122A4-A290-490E-98A6-A1DA9E8E1FB4}
	EndGlobalSection
EndGlobal
